// !$*UTF8*$!
{
	archiveVersion = 1;
	classes = {
	};
	objectVersion = 56;
	objects = {

/* Begin PBXBuildFile section */
		2B1092682AA5972F00CC049F /* README.md in Resources */ = {isa = PBXBuildFile; fileRef = 2B1092652AA5972E00CC049F /* README.md */; };
		2B1092692AA5972F00CC049F /* LICENSE in Resources */ = {isa = PBXBuildFile; fileRef = 2B1092662AA5972E00CC049F /* LICENSE */; };
		2B10926A2AA5972F00CC049F /* screen.png in Resources */ = {isa = PBXBuildFile; fileRef = 2B1092672AA5972F00CC049F /* screen.png */; };
		2B75C2842AA5887F00F2677B /* ScrollParallaxEffectApp.swift in Sources */ = {isa = PBXBuildFile; fileRef = 2B75C2832AA5887F00F2677B /* ScrollParallaxEffectApp.swift */; };
		2B75C2862AA5887F00F2677B /* ContentView.swift in Sources */ = {isa = PBXBuildFile; fileRef = 2B75C2852AA5887F00F2677B /* ContentView.swift */; };
		2B75C2882AA5888000F2677B /* Assets.xcassets in Resources */ = {isa = PBXBuildFile; fileRef = 2B75C2872AA5888000F2677B /* Assets.xcassets */; };
		2B75C28B2AA5888000F2677B /* Preview Assets.xcassets in Resources */ = {isa = PBXBuildFile; fileRef = 2B75C28A2AA5888000F2677B /* Preview Assets.xcassets */; };
		2BA2A5492AA5CCEF00FEF9BC /* HomeView.swift in Sources */ = {isa = PBXBuildFile; fileRef = 2BA2A5482AA5CCEF00FEF9BC /* HomeView.swift */; };
/* End PBXBuildFile section */

/* Begin PBXFileReference section */
		2B1092652AA5972E00CC049F /* README.md */ = {isa = PBXFileReference; fileEncoding = 4; lastKnownFileType = net.daringfireball.markdown; path = README.md; sourceTree = "<group>"; };
		2B1092662AA5972E00CC049F /* LICENSE */ = {isa = PBXFileReference; fileEncoding = 4; lastKnownFileType = text; path = LICENSE; sourceTree = "<group>"; };
		2B1092672AA5972F00CC049F /* screen.png */ = {isa = PBXFileReference; lastKnownFileType = image.png; path = screen.png; sourceTree = "<group>"; };
		2B75C2802AA5887F00F2677B /* ScrollParallaxEffect.app */ = {isa = PBXFileReference; explicitFileType = wrapper.application; includeInIndex = 0; path = ScrollParallaxEffect.app; sourceTree = BUILT_PRODUCTS_DIR; };
		2B75C2832AA5887F00F2677B /* ScrollParallaxEffectApp.swift */ = {isa = PBXFileReference; lastKnownFileType = sourcecode.swift; path = ScrollParallaxEffectApp.swift; sourceTree = "<group>"; };
		2B75C2852AA5887F00F2677B /* ContentView.swift */ = {isa = PBXFileReference; lastKnownFileType = sourcecode.swift; path = ContentView.swift; sourceTree = "<group>"; };
		2B75C2872AA5888000F2677B /* Assets.xcassets */ = {isa = PBXFileReference; lastKnownFileType = folder.assetcatalog; path = Assets.xcassets; sourceTree = "<group>"; };
		2B75C28A2AA5888000F2677B /* Preview Assets.xcassets */ = {isa = PBXFileReference; lastKnownFileType = folder.assetcatalog; path = "Preview Assets.xcassets"; sourceTree = "<group>"; };
		2BA2A5482AA5CCEF00FEF9BC /* HomeView.swift */ = {isa = PBXFileReference; lastKnownFileType = sourcecode.swift; path = HomeView.swift; sourceTree = "<group>"; };
/* End PBXFileReference section */

/* Begin PBXFrameworksBuildPhase section */
		2B75C27D2AA5887F00F2677B /* Frameworks */ = {
			isa = PBXFrameworksBuildPhase;
			buildActionMask = 2147483647;
			files = (
			);
			runOnlyForDeploymentPostprocessing = 0;
		};
/* End PBXFrameworksBuildPhase section */

/* Begin PBXGroup section */
		2B75C2772AA5887F00F2677B = {
			isa = PBXGroup;
			children = (
				2B1092662AA5972E00CC049F /* LICENSE */,
				2B1092652AA5972E00CC049F /* README.md */,
				2B1092672AA5972F00CC049F /* screen.png */,
				2B75C2822AA5887F00F2677B /* ScrollParallaxEffect */,
				2B75C2812AA5887F00F2677B /* Products */,
			);
			sourceTree = "<group>";
		};
		2B75C2812AA5887F00F2677B /* Products */ = {
			isa = PBXGroup;
			children = (
				2B75C2802AA5887F00F2677B /* ScrollParallaxEffect.app */,
			);
			name = Products;
			sourceTree = "<group>";
		};
		2B75C2822AA5887F00F2677B /* ScrollParallaxEffect */ = {
			isa = PBXGroup;
			children = (
				2B75C2852AA5887F00F2677B /* ContentView.swift */,
				2BA2A5482AA5CCEF00FEF9BC /* HomeView.swift */,
				2B75C2832AA5887F00F2677B /* ScrollParallaxEffectApp.swift */,
				2B75C2872AA5888000F2677B /* Assets.xcassets */,
				2B75C2892AA5888000F2677B /* Preview Content */,
			);
			path = ScrollParallaxEffect;
			sourceTree = "<group>";
		};
		2B75C2892AA5888000F2677B /* Preview Content */ = {
			isa = PBXGroup;
			children = (
				2B75C28A2AA5888000F2677B /* Preview Assets.xcassets */,
			);
			path = "Preview Content";
			sourceTree = "<group>";
		};
/* End PBXGroup section */

/* Begin PBXNativeTarget section */
		2B75C27F2AA5887F00F2677B /* ScrollParallaxEffect */ = {
			isa = PBXNativeTarget;
			buildConfigurationList = 2B75C28E2AA5888000F2677B /* Build configuration list for PBXNativeTarget "ScrollParallaxEffect" */;
			buildPhases = (
				2B75C27C2AA5887F00F2677B /* Sources */,
				2B75C27D2AA5887F00F2677B /* Frameworks */,
				2B75C27E2AA5887F00F2677B /* Resources */,
			);
			buildRules = (
			);
			dependencies = (
			);
			name = ScrollParallaxEffect;
			productName = ScrollParallaxEffect;
			productReference = 2B75C2802AA5887F00F2677B /* ScrollParallaxEffect.app */;
			productType = "com.apple.product-type.application";
		};
/* End PBXNativeTarget section */

/* Begin PBXProject section */
		2B75C2782AA5887F00F2677B /* Project object */ = {
			isa = PBXProject;
			attributes = {
				BuildIndependentTargetsInParallel = 1;
				LastSwiftUpdateCheck = 1430;
				LastUpgradeCheck = 1430;
				TargetAttributes = {
					2B75C27F2AA5887F00F2677B = {
						CreatedOnToolsVersion = 14.3.1;
					};
				};
			};
			buildConfigurationList = 2B75C27B2AA5887F00F2677B /* Build configuration list for PBXProject "ScrollParallaxEffect" */;
			compatibilityVersion = "Xcode 14.0";
			developmentRegion = en;
			hasScannedForEncodings = 0;
			knownRegions = (
				en,
				Base,
			);
			mainGroup = 2B75C2772AA5887F00F2677B;
			productRefGroup = 2B75C2812AA5887F00F2677B /* Products */;
			projectDirPath = "";
			projectRoot = "";
			targets = (
				2B75C27F2AA5887F00F2677B /* ScrollParallaxEffect */,
			);
		};
/* End PBXProject section */

/* Begin PBXResourcesBuildPhase section */
		2B75C27E2AA5887F00F2677B /* Resources */ = {
			isa = PBXResourcesBuildPhase;
			buildActionMask = 2147483647;
			files = (
				2B1092682AA5972F00CC049F /* README.md in Resources */,
				2B10926A2AA5972F00CC049F /* screen.png in Resources */,
				2B75C28B2AA5888000F2677B /* Preview Assets.xcassets in Resources */,
				2B1092692AA5972F00CC049F /* LICENSE in Resources */,
				2B75C2882AA5888000F2677B /* Assets.xcassets in Resources */,
			);
			runOnlyForDeploymentPostprocessing = 0;
		};
/* End PBXResourcesBuildPhase section */

/* Begin PBXSourcesBuildPhase section */
		2B75C27C2AA5887F00F2677B /* Sources */ = {
			isa = PBXSourcesBuildPhase;
			buildActionMask = 2147483647;
			files = (
				2B75C2862AA5887F00F2677B /* ContentView.swift in Sources */,
				2BA2A5492AA5CCEF00FEF9BC /* HomeView.swift in Sources */,
				2B75C2842AA5887F00F2677B /* ScrollParallaxEffectApp.swift in Sources */,
			);
			runOnlyForDeploymentPostprocessing = 0;
		};
/* End PBXSourcesBuildPhase section */

/* Begin XCBuildConfiguration section */
		2B75C28C2AA5888000F2677B /* Debug */ = {
			isa = XCBuildConfiguration;
			buildSettings = {
				ALWAYS_SEARCH_USER_PATHS = NO;
				CLANG_ANALYZER_NONNULL = YES;
				CLANG_ANALYZER_NUMBER_OBJECT_CONVERSION = YES_AGGRESSIVE;
				CLANG_CXX_LANGUAGE_STANDARD = "gnu++20";
				CLANG_ENABLE_MODULES = YES;
				CLANG_ENABLE_OBJC_ARC = YES;
				CLANG_ENABLE_OBJC_WEAK = YES;
				CLANG_WARN_BLOCK_CAPTURE_AUTORELEASING = YES;
				CLANG_WARN_BOOL_CONVERSION = YES;
				CLANG_WARN_COMMA = YES;
				CLANG_WARN_CONSTANT_CONVERSION = YES;
				CLANG_WARN_DEPRECATED_OBJC_IMPLEMENTATIONS = YES;
				CLANG_WARN_DIRECT_OBJC_ISA_USAGE = YES_ERROR;
				CLANG_WARN_DOCUMENTATION_COMMENTS = YES;
				CLANG_WARN_EMPTY_BODY = YES;
				CLANG_WARN_ENUM_CONVERSION = YES;
				CLANG_WARN_INFINITE_RECURSION = YES;
				CLANG_WARN_INT_CONVERSION = YES;
				CLANG_WARN_NON_LITERAL_NULL_CONVERSION = YES;
				CLANG_WARN_OBJC_IMPLICIT_RETAIN_SELF = YES;
				CLANG_WARN_OBJC_LITERAL_CONVERSION = YES;
				CLANG_WARN_OBJC_ROOT_CLASS = YES_ERROR;
				CLANG_WARN_QUOTED_INCLUDE_IN_FRAMEWORK_HEADER = YES;
				CLANG_WARN_RANGE_LOOP_ANALYSIS = YES;
				CLANG_WARN_STRICT_PROTOTYPES = YES;
				CLANG_WARN_SUSPICIOUS_MOVE = YES;
				CLANG_WARN_UNGUARDED_AVAILABILITY = YES_AGGRESSIVE;
				CLANG_WARN_UNREACHABLE_CODE = YES;
				CLANG_WARN__DUPLICATE_METHOD_MATCH = YES;
				COPY_PHASE_STRIP = NO;
				DEBUG_INFORMATION_FORMAT = dwarf;
				ENABLE_STRICT_OBJC_MSGSEND = YES;
				ENABLE_TESTABILITY = YES;
				GCC_C_LANGUAGE_STANDARD = gnu11;
				GCC_DYNAMIC_NO_PIC = NO;
				GCC_NO_COMMON_BLOCKS = YES;
				GCC_OPTIMIZATION_LEVEL = 0;
				GCC_PREPROCESSOR_DEFINITIONS = (
					"DEBUG=1",
					"$(inherited)",
				);
				GCC_WARN_64_TO_32_BIT_CONVERSION = YES;
				GCC_WARN_ABOUT_RETURN_TYPE = YES_ERROR;
				GCC_WARN_UNDECLARED_SELECTOR = YES;
				GCC_WARN_UNINITIALIZED_AUTOS = YES_AGGRESSIVE;
				GCC_WARN_UNUSED_FUNCTION = YES;
				GCC_WARN_UNUSED_VARIABLE = YES;
				IPHONEOS_DEPLOYMENT_TARGET = 16.4;
				MTL_ENABLE_DEBUG_INFO = INCLUDE_SOURCE;
				MTL_FAST_MATH = YES;
				ONLY_ACTIVE_ARCH = YES;
				SDKROOT = iphoneos;
				SWIFT_ACTIVE_COMPILATION_CONDITIONS = DEBUG;
				SWIFT_OPTIMIZATION_LEVEL = "-Onone";
			};
			name = Debug;
		};
		2B75C28D2AA5888000F2677B /* Release */ = {
			isa = XCBuildConfiguration;
			buildSettings = {
				ALWAYS_SEARCH_USER_PATHS = NO;
				CLANG_ANALYZER_NONNULL = YES;
				CLANG_ANALYZER_NUMBER_OBJECT_CONVERSION = YES_AGGRESSIVE;
				CLANG_CXX_LANGUAGE_STANDARD = "gnu++20";
				CLANG_ENABLE_MODULES = YES;
				CLANG_ENABLE_OBJC_ARC = YES;
				CLANG_ENABLE_OBJC_WEAK = YES;
				CLANG_WARN_BLOCK_CAPTURE_AUTORELEASING = YES;
				CLANG_WARN_BOOL_CONVERSION = YES;
				CLANG_WARN_COMMA = YES;
				CLANG_WARN_CONSTANT_CONVERSION = YES;
				CLANG_WARN_DEPRECATED_OBJC_IMPLEMENTATIONS = YES;
				CLANG_WARN_DIRECT_OBJC_ISA_USAGE = YES_ERROR;
				CLANG_WARN_DOCUMENTATION_COMMENTS = YES;
				CLANG_WARN_EMPTY_BODY = YES;
				CLANG_WARN_ENUM_CONVERSION = YES;
				CLANG_WARN_INFINITE_RECURSION = YES;
				CLANG_WARN_INT_CONVERSION = YES;
				CLANG_WARN_NON_LITERAL_NULL_CONVERSION = YES;
				CLANG_WARN_OBJC_IMPLICIT_RETAIN_SELF = YES;
				CLANG_WARN_OBJC_LITERAL_CONVERSION = YES;
				CLANG_WARN_OBJC_ROOT_CLASS = YES_ERROR;
				CLANG_WARN_QUOTED_INCLUDE_IN_FRAMEWORK_HEADER = YES;
				CLANG_WARN_RANGE_LOOP_ANALYSIS = YES;
				CLANG_WARN_STRICT_PROTOTYPES = YES;
				CLANG_WARN_SUSPICIOUS_MOVE = YES;
				CLANG_WARN_UNGUARDED_AVAILABILITY = YES_AGGRESSIVE;
				CLANG_WARN_UNREACHABLE_CODE = YES;
				CLANG_WARN__DUPLICATE_METHOD_MATCH = YES;
				COPY_PHASE_STRIP = NO;
				DEBUG_INFORMATION_FORMAT = "dwarf-with-dsym";
				ENABLE_NS_ASSERTIONS = NO;
				ENABLE_STRICT_OBJC_MSGSEND = YES;
				GCC_C_LANGUAGE_STANDARD = gnu11;
				GCC_NO_COMMON_BLOCKS = YES;
				GCC_WARN_64_TO_32_BIT_CONVERSION = YES;
				GCC_WARN_ABOUT_RETURN_TYPE = YES_ERROR;
				GCC_WARN_UNDECLARED_SELECTOR = YES;
				GCC_WARN_UNINITIALIZED_AUTOS = YES_AGGRESSIVE;
				GCC_WARN_UNUSED_FUNCTION = YES;
				GCC_WARN_UNUSED_VARIABLE = YES;
				IPHONEOS_DEPLOYMENT_TARGET = 16.4;
				MTL_ENABLE_DEBUG_INFO = NO;
				MTL_FAST_MATH = YES;
				SDKROOT = iphoneos;
				SWIFT_COMPILATION_MODE = wholemodule;
				SWIFT_OPTIMIZATION_LEVEL = "-O";
				VALIDATE_PRODUCT = YES;
			};
			name = Release;
		};
		2B75C28F2AA5888000F2677B /* Debug */ = {
			isa = XCBuildConfiguration;
			buildSettings = {
				ASSETCATALOG_COMPILER_APPICON_NAME = AppIcon;
				ASSETCATALOG_COMPILER_GLOBAL_ACCENT_COLOR_NAME = AccentColor;
				CODE_SIGN_STYLE = Automatic;
				CURRENT_PROJECT_VERSION = 1;
				DEVELOPMENT_ASSET_PATHS = "\"ScrollParallaxEffect/Preview Content\"";
				DEVELOPMENT_TEAM = 73VA8W4WNH;
				ENABLE_PREVIEWS = YES;
				GENERATE_INFOPLIST_FILE = YES;
				INFOPLIST_KEY_UIApplicationSceneManifest_Generation = YES;
				INFOPLIST_KEY_UIApplicationSupportsIndirectInputEvents = YES;
				INFOPLIST_KEY_UILaunchScreen_Generation = YES;
				INFOPLIST_KEY_UISupportedInterfaceOrientations_iPad = "UIInterfaceOrientationPortrait UIInterfaceOrientationPortraitUpsideDown UIInterfaceOrientationLandscapeLeft UIInterfaceOrientationLandscapeRight";
				INFOPLIST_KEY_UISupportedInterfaceOrientations_iPhone = "UIInterfaceOrientationPortrait UIInterfaceOrientationLandscapeLeft UIInterfaceOrientationLandscapeRight";
				LD_RUNPATH_SEARCH_PATHS = (
					"$(inherited)",
					"@executable_path/Frameworks",
				);
				MARKETING_VERSION = 1.0;
				PRODUCT_BUNDLE_IDENTIFIER = com.xuebusi.ScrollParallaxEffect;
				PRODUCT_NAME = "$(TARGET_NAME)";
				SWIFT_EMIT_LOC_STRINGS = YES;
				SWIFT_VERSION = 5.0;
				TARGETED_DEVICE_FAMILY = "1,2";
			};
			name = Debug;
		};
		2B75C2902AA5888000F2677B /* Release */ = {
			isa = XCBuildConfiguration;
			buildSettings = {
				ASSETCATALOG_COMPILER_APPICON_NAME = AppIcon;
				ASSETCATALOG_COMPILER_GLOBAL_ACCENT_COLOR_NAME = AccentColor;
				CODE_SIGN_STYLE = Automatic;
				CURRENT_PROJECT_VERSION = 1;
				DEVELOPMENT_ASSET_PATHS = "\"ScrollParallaxEffect/Preview Content\"";
				DEVELOPMENT_TEAM = 73VA8W4WNH;
				ENABLE_PREVIEWS = YES;
				GENERATE_INFOPLIST_FILE = YES;
				INFOPLIST_KEY_UIApplicationSceneManifest_Generation = YES;
				INFOPLIST_KEY_UIApplicationSupportsIndirectInputEvents = YES;
				INFOPLIST_KEY_UILaunchScreen_Generation = YES;
				INFOPLIST_KEY_UISupportedInterfaceOrientations_iPad = "UIInterfaceOrientationPortrait UIInterfaceOrientationPortraitUpsideDown UIInterfaceOrientationLandscapeLeft UIInterfaceOrientationLandscapeRight";
				INFOPLIST_KEY_UISupportedInterfaceOrientations_iPhone = "UIInterfaceOrientationPortrait UIInterfaceOrientationLandscapeLeft UIInterfaceOrientationLandscapeRight";
				LD_RUNPATH_SEARCH_PATHS = (
					"$(inherited)",
					"@executable_path/Frameworks",
				);
				MARKETING_VERSION = 1.0;
				PRODUCT_BUNDLE_IDENTIFIER = com.xuebusi.ScrollParallaxEffect;
				PRODUCT_NAME = "$(TARGET_NAME)";
				SWIFT_EMIT_LOC_STRINGS = YES;
				SWIFT_VERSION = 5.0;
				TARGETED_DEVICE_FAMILY = "1,2";
			};
			name = Release;
		};
/* End XCBuildConfiguration section */

/* Begin XCConfigurationList section */
		2B75C27B2AA5887F00F2677B /* Build configuration list for PBXProject "ScrollParallaxEffect" */ = {
			isa = XCConfigurationList;
			buildConfigurations = (
				2B75C28C2AA5888000F2677B /* Debug */,
				2B75C28D2AA5888000F2677B /* Release */,
			);
			defaultConfigurationIsVisible = 0;
			defaultConfigurationName = Release;
		};
		2B75C28E2AA5888000F2677B /* Build configuration list for PBXNativeTarget "ScrollParallaxEffect" */ = {
			isa = XCConfigurationList;
			buildConfigurations = (
				2B75C28F2AA5888000F2677B /* Debug */,
				2B75C2902AA5888000F2677B /* Release */,
			);
			defaultConfigurationIsVisible = 0;
			defaultConfigurationName = Release;
		};
/* End XCConfigurationList section */
	};
	rootObject = 2B75C2782AA5887F00F2677B /* Project object */;
}
